{
  "lockfile_version": "1",
  "packages": {
    "fluxcd@latest": {
      "last_modified": "2024-07-31T08:48:38Z",
      "resolved": "github:NixOS/nixpkgs/c3392ad349a5227f4a3464dce87bcc5046692fce#fluxcd",
      "source": "devbox-search",
      "version": "2.3.0",
      "systems": {
        "aarch64-darwin": {
          "outputs": [
            {
              "name": "out",
              "path": "/nix/store/p93yvwa3ji8ch9mrf0nl4p7mi101m0sa-fluxcd-2.3.0",
              "default": true
            }
          ],
          "store_path": "/nix/store/p93yvwa3ji8ch9mrf0nl4p7mi101m0sa-fluxcd-2.3.0"
        },
        "aarch64-linux": {
          "outputs": [
            {
              "name": "out",
              "path": "/nix/store/hsg8gwv96hri1hyi35iyvymyl7qx5y0y-fluxcd-2.3.0",
              "default": true
            }
          ],
          "store_path": "/nix/store/hsg8gwv96hri1hyi35iyvymyl7qx5y0y-fluxcd-2.3.0"
        },
        "x86_64-darwin": {
          "outputs": [
            {
              "name": "out",
              "path": "/nix/store/8rpkf79jhwc8f3wxyjd31ah6ipcfwhlk-fluxcd-2.3.0",
              "default": true
            }
          ],
          "store_path": "/nix/store/8rpkf79jhwc8f3wxyjd31ah6ipcfwhlk-fluxcd-2.3.0"
        },
        "x86_64-linux": {
          "outputs": [
            {
              "name": "out",
              "path": "/nix/store/0pz6yk9176ikpmynwpsn7iazqzjdzr56-fluxcd-2.3.0",
              "default": true
            }
          ],
          "store_path": "/nix/store/0pz6yk9176ikpmynwpsn7iazqzjdzr56-fluxcd-2.3.0"
        }
      }
    },
    "k9s@latest": {
      "last_modified": "2024-08-31T10:12:23Z",
      "resolved": "github:NixOS/nixpkgs/5629520edecb69630a3f4d17d3d33fc96c13f6fe#k9s",
      "source": "devbox-search",
      "version": "0.32.5",
      "systems": {
        "aarch64-darwin": {
          "outputs": [
            {
              "name": "out",
              "path": "/nix/store/npfxnnhkv8w142af75m0c9kpmxp7qacd-k9s-0.32.5",
              "default": true
            }
          ],
          "store_path": "/nix/store/npfxnnhkv8w142af75m0c9kpmxp7qacd-k9s-0.32.5"
        },
        "aarch64-linux": {
          "outputs": [
            {
              "name": "out",
              "path": "/nix/store/hr2nmpfm67xmjcb61bwn8i6wv2vz0wg6-k9s-0.32.5",
              "default": true
            }
          ],
          "store_path": "/nix/store/hr2nmpfm67xmjcb61bwn8i6wv2vz0wg6-k9s-0.32.5"
        },
        "x86_64-darwin": {
          "outputs": [
            {
              "name": "out",
              "path": "/nix/store/ib48k3n0031h0rrl7qc1w2a6xll2iirg-k9s-0.32.5",
              "default": true
            }
          ],
          "store_path": "/nix/store/ib48k3n0031h0rrl7qc1w2a6xll2iirg-k9s-0.32.5"
        },
        "x86_64-linux": {
          "outputs": [
            {
              "name": "out",
              "path": "/nix/store/jhx0xxpd6n2ihg86kjz4n9d9cv1d9s6y-k9s-0.32.5",
              "default": true
            }
          ],
          "store_path": "/nix/store/jhx0xxpd6n2ihg86kjz4n9d9cv1d9s6y-k9s-0.32.5"
        }
      }
    },
    "kind@0.23.0": {
      "last_modified": "2024-07-31T08:48:38Z",
      "resolved": "github:NixOS/nixpkgs/c3392ad349a5227f4a3464dce87bcc5046692fce#kind",
      "source": "devbox-search",
      "version": "0.23.0",
      "systems": {
        "aarch64-darwin": {
          "outputs": [
            {
              "name": "out",
              "path": "/nix/store/kr4ninq2zzpcsa6zhsjhmf51s07akwf1-kind-0.23.0",
              "default": true
            }
          ],
          "store_path": "/nix/store/kr4ninq2zzpcsa6zhsjhmf51s07akwf1-kind-0.23.0"
        },
        "aarch64-linux": {
          "outputs": [
            {
              "name": "out",
              "path": "/nix/store/l8w7cnsf0yw7rp3gxry3v41x0by6p2vn-kind-0.23.0",
              "default": true
            }
          ],
          "store_path": "/nix/store/l8w7cnsf0yw7rp3gxry3v41x0by6p2vn-kind-0.23.0"
        },
        "x86_64-darwin": {
          "outputs": [
            {
              "name": "out",
              "path": "/nix/store/4ifhijdnd34mzl5laq19racpny4056a0-kind-0.23.0",
              "default": true
            }
          ],
          "store_path": "/nix/store/4ifhijdnd34mzl5laq19racpny4056a0-kind-0.23.0"
        },
        "x86_64-linux": {
          "outputs": [
            {
              "name": "out",
              "path": "/nix/store/py3aak1f2mr4h8widpjyz7hzxbc48n0n-kind-0.23.0",
              "default": true
            }
          ],
          "store_path": "/nix/store/py3aak1f2mr4h8widpjyz7hzxbc48n0n-kind-0.23.0"
        }
      }
    },
    "kubectl@latest": {
      "last_modified": "2024-08-31T10:12:23Z",
      "resolved": "github:NixOS/nixpkgs/5629520edecb69630a3f4d17d3d33fc96c13f6fe#kubectl",
      "source": "devbox-search",
      "version": "1.31.0",
      "systems": {
        "aarch64-darwin": {
          "outputs": [
            {
              "name": "out",
              "path": "/nix/store/ja383knad5av3vgpsgw9lqb9fvs0nh1b-kubectl-1.31.0",
              "default": true
            },
            {
              "name": "man",
              "path": "/nix/store/xs84frfxf2hbkwl2m73d42xnm5npk0zk-kubectl-1.31.0-man",
              "default": true
            },
            {
              "name": "convert",
              "path": "/nix/store/dny8pn21s10zzla471qln5zaxqrc7amc-kubectl-1.31.0-convert"
            }
          ],
          "store_path": "/nix/store/ja383knad5av3vgpsgw9lqb9fvs0nh1b-kubectl-1.31.0"
        },
        "aarch64-linux": {
          "outputs": [
            {
              "name": "out",
              "path": "/nix/store/m371p4kn8xh2rmf74cyzv4v62z8pzzrs-kubectl-1.31.0",
              "default": true
            },
            {
              "name": "man",
              "path": "/nix/store/c45flx005lz7fcw3i0y2r2k6hsxclh0s-kubectl-1.31.0-man",
              "default": true
            },
            {
              "name": "convert",
              "path": "/nix/store/wvhmy1yv97krff0glcamlgdmf6vqrgv4-kubectl-1.31.0-convert"
            }
          ],
          "store_path": "/nix/store/m371p4kn8xh2rmf74cyzv4v62z8pzzrs-kubectl-1.31.0"
        },
        "x86_64-darwin": {
          "outputs": [
            {
              "name": "out",
              "path": "/nix/store/0h31mghy69xcj2v5hzgvgn899c4389w7-kubectl-1.31.0",
              "default": true
            },
            {
              "name": "man",
              "path": "/nix/store/1xirbs3rbvix55dzxq6jvb6dd24w12sb-kubectl-1.31.0-man",
              "default": true
            },
            {
              "name": "convert",
              "path": "/nix/store/wz6jgpz7qgn0dzd1ihzy404pdd9ic6as-kubectl-1.31.0-convert"
            }
          ],
          "store_path": "/nix/store/0h31mghy69xcj2v5hzgvgn899c4389w7-kubectl-1.31.0"
        },
        "x86_64-linux": {
          "outputs": [
            {
              "name": "out",
              "path": "/nix/store/3smkwwy43ibqdc2ngcbds7mb1ma8480p-kubectl-1.31.0",
              "default": true
            },
            {
              "name": "man",
              "path": "/nix/store/zb4ivnj4ndq9zw53jhg2ib9aj39c3s8x-kubectl-1.31.0-man",
              "default": true
            },
            {
              "name": "convert",
              "path": "/nix/store/w6k6mr6lnarnawrvjry4mr3hfpzwdq3f-kubectl-1.31.0-convert"
            }
          ],
          "store_path": "/nix/store/3smkwwy43ibqdc2ngcbds7mb1ma8480p-kubectl-1.31.0"
        }
      }
    }
  }
}
