
Microsoft Visual Studio Solution File, Format Version 12.00
# Visual Studio Version 17
VisualStudioVersion = 17.0.31903.59
MinimumVisualStudioVersion = 10.0.40219.1
Project("{2150E333-8FDC-42A3-9474-1A3956D46DE8}") = "src", "src", "{C12303D4-3226-47EA-A900-DC3E9D3C4A90}"
EndProject
Project("{FAE04EC0-301F-11D3-BF4B-00C04F79EFBC}") = "Vdk", "src\Vdk\Vdk.csproj", "{9310DA94-26AA-4678-8FC7-0CAB6CFCCCF4}"
EndProject
Project("{2150E333-8FDC-42A3-9474-1A3956D46DE8}") = "tests", "tests", "{CBD3D069-1A0C-45FA-846D-7A05D70AE876}"
EndProject
Project("{FAE04EC0-301F-11D3-BF4B-00C04F79EFBC}") = "Vdk.Tests", "tests\Vdk.Tests\Vdk.Tests.csproj", "{1B045704-7BD2-40B4-ACD9-C3B37AD035F1}"
EndProject
Global
	GlobalSection(SolutionConfigurationPlatforms) = preSolution
		Debug|Any CPU = Debug|Any CPU
		Release|Any CPU = Release|Any CPU
	EndGlobalSection
	GlobalSection(SolutionProperties) = preSolution
		HideSolutionNode = FALSE
	EndGlobalSection
	GlobalSection(ProjectConfigurationPlatforms) = postSolution
		{9310DA94-26AA-4678-8FC7-0CAB6CFCCCF4}.Debug|Any CPU.ActiveCfg = Debug|Any CPU
		{9310DA94-26AA-4678-8FC7-0CAB6CFCCCF4}.Debug|Any CPU.Build.0 = Debug|Any CPU
		{9310DA94-26AA-4678-8FC7-0CAB6CFCCCF4}.Release|Any CPU.ActiveCfg = Release|Any CPU
		{9310DA94-26AA-4678-8FC7-0CAB6CFCCCF4}.Release|Any CPU.Build.0 = Release|Any CPU
		{1B045704-7BD2-40B4-ACD9-C3B37AD035F1}.Debug|Any CPU.ActiveCfg = Debug|Any CPU
		{1B045704-7BD2-40B4-ACD9-C3B37AD035F1}.Debug|Any CPU.Build.0 = Debug|Any CPU
		{1B045704-7BD2-40B4-ACD9-C3B37AD035F1}.Release|Any CPU.ActiveCfg = Release|Any CPU
		{1B045704-7BD2-40B4-ACD9-C3B37AD035F1}.Release|Any CPU.Build.0 = Release|Any CPU
	EndGlobalSection
	GlobalSection(NestedProjects) = preSolution
		{9310DA94-26AA-4678-8FC7-0CAB6CFCCCF4} = {C12303D4-3226-47EA-A900-DC3E9D3C4A90}
		{1B045704-7BD2-40B4-ACD9-C3B37AD035F1} = {CBD3D069-1A0C-45FA-846D-7A05D70AE876}
	EndGlobalSection
EndGlobal
